
Microsoft Visual Studio Solution File, Format Version 12.00
# Visual Studio Version 16
VisualStudioVersion = 16.0.29709.97
MinimumVisualStudioVersion = 10.0.40219.1
Project("{FAE04EC0-301F-11D3-BF4B-00C04F79EFBC}") = "TICTACTOE", "TICTACTOE.csproj", "{63EEA49D-DDAE-47AC-A95C-6E4A686DC3EF}"
EndProject
Global
	GlobalSection(SolutionConfigurationPlatforms) = preSolution
		Debug|Any CPU = Debug|Any CPU
		Release|Any CPU = Release|Any CPU
	EndGlobalSection
	GlobalSection(ProjectConfigurationPlatforms) = postSolution
		{63EEA49D-DDAE-47AC-A95C-6E4A686DC3EF}.Debug|Any CPU.ActiveCfg = Debug|Any CPU
		{63EEA49D-DDAE-47AC-A95C-6E4A686DC3EF}.Debug|Any CPU.Build.0 = Debug|Any CPU
		{63EEA49D-DDAE-47AC-A95C-6E4A686DC3EF}.Release|Any CPU.ActiveCfg = Release|Any CPU
		{63EEA49D-DDAE-47AC-A95C-6E4A686DC3EF}.Release|Any CPU.Build.0 = Release|Any CPU
	EndGlobalSection
	GlobalSection(SolutionProperties) = preSolution
		HideSolutionNode = FALSE
	EndGlobalSection
	GlobalSection(ExtensibilityGlobals) = postSolution
		SolutionGuid = {86290C61-73EF-4F40-9C63-D1C85469ED93}
	EndGlobalSection
EndGlobal
